
Microsoft Visual Studio Solution File, Format Version 12.00
# Visual Studio Version 17
VisualStudioVersion = 17.14.36301.6 d17.14
MinimumVisualStudioVersion = 10.0.40219.1
Project("{FAE04EC0-301F-11D3-BF4B-00C04F79EFBC}") = "1-7 Summative", "1-7 Summative.csproj", "{B3BF4ADB-6603-4C81-A732-D848D2656C43}"
EndProject
Global
	GlobalSection(SolutionConfigurationPlatforms) = preSolution
		Debug|Any CPU = Debug|Any CPU
		Release|Any CPU = Release|Any CPU
	EndGlobalSection
	GlobalSection(ProjectConfigurationPlatforms) = postSolution
		{B3BF4ADB-6603-4C81-A732-D848D2656C43}.Debug|Any CPU.ActiveCfg = Debug|Any CPU
		{B3BF4ADB-6603-4C81-A732-D848D2656C43}.Debug|Any CPU.Build.0 = Debug|Any CPU
		{B3BF4ADB-6603-4C81-A732-D848D2656C43}.Release|Any CPU.ActiveCfg = Release|Any CPU
		{B3BF4ADB-6603-4C81-A732-D848D2656C43}.Release|Any CPU.Build.0 = Release|Any CPU
	EndGlobalSection
	GlobalSection(SolutionProperties) = preSolution
		HideSolutionNode = FALSE
	EndGlobalSection
	GlobalSection(ExtensibilityGlobals) = postSolution
		SolutionGuid = {48ADBC23-9B66-42A3-91BE-A5BD1157B362}
	EndGlobalSection
EndGlobal
